
Microsoft Visual Studio Solution File, Format Version 12.00
# Visual Studio 15
VisualStudioVersion = 15.0.27428.2027
MinimumVisualStudioVersion = 10.0.40219.1
Project("{9A19103F-16F7-4668-BE54-9A1E7A4F7556}") = "app", "app.csproj", "{FBF54352-9A78-4C22-B716-BB5ABB3CAE1C}"
EndProject
Global
	GlobalSection(SolutionConfigurationPlatforms) = preSolution
		Debug|Any CPU = Debug|Any CPU
		Release|Any CPU = Release|Any CPU
	EndGlobalSection
	GlobalSection(ProjectConfigurationPlatforms) = postSolution
		{FBF54352-9A78-4C22-B716-BB5ABB3CAE1C}.Debug|Any CPU.ActiveCfg = Debug|Any CPU
		{FBF54352-9A78-4C22-B716-BB5ABB3CAE1C}.Debug|Any CPU.Build.0 = Debug|Any CPU
		{FBF54352-9A78-4C22-B716-BB5ABB3CAE1C}.Release|Any CPU.ActiveCfg = Release|Any CPU
		{FBF54352-9A78-4C22-B716-BB5ABB3CAE1C}.Release|Any CPU.Build.0 = Release|Any CPU
	EndGlobalSection
	GlobalSection(SolutionProperties) = preSolution
		HideSolutionNode = FALSE
	EndGlobalSection
	GlobalSection(ExtensibilityGlobals) = postSolution
		SolutionGuid = {264D50A0-28D1-4F1D-BDC6-55DBA35E023B}
	EndGlobalSection
EndGlobal
